# This file is autogenerated, do not edit; changes may be undone by the next 'dep ensure'.


[[projects]]
  digest = "1:a52bd7c28ab9f2e5b4a3dafeb04b56ad393defbfc4319bee1bf834c9604b6da3"
  name = "cloud.google.com/go"
  packages = ["compute/metadata"]
  pruneopts = ""
  revision = "d4f8670e9dba7e0c9dd3f6da843d678afd21c587"
  version = "v0.9.0"

[[projects]]
  branch = "master"
  digest = "1:0c5485088ce274fac2e931c1b979f2619345097b39d91af3239977114adf0320"
  name = "github.com/beorn7/perks"
  packages = ["quantile"]
  pruneopts = ""
  revision = "4c0e84591b9aa9e6dcfdf3e020114cd81f89d5f9"

[[projects]]
  digest = "1:2f4d4ba08e54c0c63693d7dd21c30c8ff6800d047efcbbe8addd5620d2625871"
  name = "github.com/go-chi/chi"
  packages = [
    ".",
    "middleware",
  ]
  pruneopts = ""
  revision = "e83ac2304db3c50cf03d96a2fcd39009d458bc35"
  version = "v3.3.2"

[[projects]]
  digest = "1:75f324f9a6b76bca2fdd087ba169de30bc28a95a7139a6cefd5a9ac7582f6dab"
  name = "github.com/go-chi/render"
  packages = ["."]
  pruneopts = ""
  revision = "9f855fadd4b8cde7773f9ef51f6b2705af239519"
  version = "v1.0.0"

[[projects]]
  branch = "master"
  digest = "1:c29b7e9716287cb66680b3fe1801c7d2c32ebcd63bccae5b0d670b2a1aac36de"
  name = "github.com/golang/protobuf"
  packages = ["proto"]
  pruneopts = ""
  revision = "6a1fa9404c0aebf36c879bc50152edcc953910d2"

[[projects]]
  digest = "1:20ed7daa9b3b38b6d1d39b48ab3fd31122be5419461470d0c28de3e121c93ecf"
  name = "github.com/gorilla/context"
  packages = ["."]
  pruneopts = ""
  revision = "1ea25387ff6f684839d82767c1733ff4d4d15d0a"
  version = "v1.1"

[[projects]]
  digest = "1:1ff3509899d1357b533eefcc4be703aa4b8b690370de9bce65389aad226acf3c"
  name = "github.com/gorilla/securecookie"
  packages = ["."]
  pruneopts = ""
  revision = "667fe4e3466a040b780561fe9b51a83a3753eefc"
  version = "v1.1"

[[projects]]
  digest = "1:bfb5530b06be15a20de32e6c946eddc2d81693980c79205bcda3bd37fe1a931c"
  name = "github.com/gorilla/sessions"
  packages = ["."]
  pruneopts = ""
  revision = "ca9ada44574153444b00d3fd9c8559e4cc95f896"
  version = "v1.1"

[[projects]]
  digest = "1:3fb35ae39e9624f72293618b8cdde0c9d47f67fd2bc208e4592e4b846291fc9f"
  name = "github.com/mattn/go-sqlite3"
  packages = ["."]
  pruneopts = ""
  revision = "6c771bb9887719704b210e87e934f08be014bdb1"
  version = "v1.6.0"

[[projects]]
  digest = "1:4c23ced97a470b17d9ffd788310502a077b9c1f60221a85563e49696276b4147"
  name = "github.com/matttproud/golang_protobuf_extensions"
  packages = ["pbutil"]
  pruneopts = ""
  revision = "3247c84500bff8d9fb6d579d800f20b3e091582c"
  version = "v1.0.0"

[[projects]]
  digest = "1:f89314cf6ff8a6f0f3571a4af11b35c6e4b4a9b81823829a21d63dd142604906"
  name = "github.com/pressly/goose"
  packages = ["."]
  pruneopts = ""
  revision = "f0b1c6ff8abed229f55afe762a329f940c9965e1"
  version = "v2.2.0"

[[projects]]
  digest = "1:4142d94383572e74b42352273652c62afec5b23f325222ed09198f46009022d1"
  name = "github.com/prometheus/client_golang"
  packages = [
    "prometheus",
    "prometheus/promhttp",
  ]
  pruneopts = ""
  revision = "c5b7fccd204277076155f10851dad72b76a49317"
  version = "v0.8.0"

[[projects]]
  branch = "master"
  digest = "1:2c2e0c749aa376a90cd48f4b62b55763214f3bb16d2de7eef981062892f61619"
  name = "github.com/prometheus/client_model"
  packages = ["go"]
  pruneopts = ""
  revision = "6f3806018612930941127f2a7c6c453ba2c527d2"

[[projects]]
  branch = "master"
  digest = "1:06f1df0fcf4231ffb33cd67d6f67e48d551734dd71b75156f254f5b648033b8a"
  name = "github.com/prometheus/common"
  packages = [
    "expfmt",
    "internal/bitbucket.org/ww/goautoneg",
    "model",
  ]
  pruneopts = ""
  revision = "0866df4b85a18d652b6965be022d007cdf076822"

[[projects]]
  branch = "master"
  digest = "1:aeefd353a079d839942f54cbaee1335fff6dfefad68bd386f77b401aee2363d2"
  name = "github.com/prometheus/procfs"
  packages = [
    ".",
    "xfs",
  ]
  pruneopts = ""
  revision = "822d4a1f8edcbcbc71e8d1fd6527b12331a6d0ad"

[[projects]]
  branch = "master"
  digest = "1:9d452be0740fab5864f4e48708786288004d9958326c13708fb7b52a8cf201a9"
  name = "golang.org/x/crypto"
  packages = [
    "acme",
    "acme/autocert",
  ]
  pruneopts = ""
  revision = "adbae1b6b6fb4b02448a0fc0dbbc9ba2b95b294d"

[[projects]]
  branch = "master"
  digest = "1:bc36de5d4dee40ca9a1d455c911f48756e8abfb7bb4aa6e926b31d9e865f6729"
  name = "golang.org/x/net"
  packages = [
    "context",
    "context/ctxhttp",
  ]
  pruneopts = ""
  revision = "5f8847ae0d0e90b6a9dc8148e7ad616874625171"

[[projects]]
  branch = "master"
  digest = "1:1de90d7413e47e10b7c0a2076ed606d1d2aa5b93225af1baed3ef2bdec641ac3"
  name = "golang.org/x/oauth2"
  packages = [
    ".",
    "google",
    "internal",
    "jws",
    "jwt",
  ]
  pruneopts = ""
  revision = "f047394b6d14284165300fd82dad67edb3a4d7f6"

[[projects]]
  digest = "1:934fb8966f303ede63aa405e2c8d7f0a427a05ea8df335dfdc1833dd4d40756f"
  name = "google.golang.org/appengine"
  packages = [
    ".",
    "internal",
    "internal/app_identity",
    "internal/base",
    "internal/datastore",
    "internal/log",
    "internal/modules",
    "internal/remote_api",
    "internal/urlfetch",
    "urlfetch",
  ]
  pruneopts = ""
  revision = "150dc57a1b433e64154302bdc40b6bb8aefa313a"
  version = "v1.0.0"

[solve-meta]
  analyzer-name = "dep"
  analyzer-version = 1
  input-imports = [
    "github.com/go-chi/chi",
    "github.com/go-chi/chi/middleware",
    "github.com/go-chi/render",
    "github.com/gorilla/securecookie",
    "github.com/gorilla/sessions",
    "github.com/mattn/go-sqlite3",
    "github.com/pressly/goose",
    "github.com/prometheus/client_golang/prometheus",
    "github.com/prometheus/client_golang/prometheus/promhttp",
    "golang.org/x/crypto/acme/autocert",
    "golang.org/x/oauth2",
    "golang.org/x/oauth2/google",
  ]
  solver-name = "gps-cdcl"
  solver-version = 1
